
Microsoft Visual Studio Solution File, Format Version 12.00
# Visual Studio Version 17
VisualStudioVersion = 17.11.35222.181
MinimumVisualStudioVersion = 10.0.40219.1
Project("{FAE04EC0-301F-11D3-BF4B-00C04F79EFBC}") = "TheConsoleLottery", "TheConsoleLottery\TheConsoleLottery.csproj", "{A74249B9-39F4-4781-9029-C5326690B6C0}"
EndProject
Global
	GlobalSection(SolutionConfigurationPlatforms) = preSolution
		Debug|Any CPU = Debug|Any CPU
		Release|Any CPU = Release|Any CPU
	EndGlobalSection
	GlobalSection(ProjectConfigurationPlatforms) = postSolution
		{A74249B9-39F4-4781-9029-C5326690B6C0}.Debug|Any CPU.ActiveCfg = Debug|Any CPU
		{A74249B9-39F4-4781-9029-C5326690B6C0}.Debug|Any CPU.Build.0 = Debug|Any CPU
		{A74249B9-39F4-4781-9029-C5326690B6C0}.Release|Any CPU.ActiveCfg = Release|Any CPU
		{A74249B9-39F4-4781-9029-C5326690B6C0}.Release|Any CPU.Build.0 = Release|Any CPU
	EndGlobalSection
	GlobalSection(SolutionProperties) = preSolution
		HideSolutionNode = FALSE
	EndGlobalSection
	GlobalSection(ExtensibilityGlobals) = postSolution
		SolutionGuid = {0AFD7A46-C794-494B-BBDD-C3F757C20F63}
	EndGlobalSection
EndGlobal
